
Microsoft Visual Studio Solution File, Format Version 12.00
# Visual Studio Version 17
VisualStudioVersion = 17.0.31903.59
MinimumVisualStudioVersion = 10.0.40219.1
Project("{2150E333-8FDC-42A3-9474-1A3956D46DE8}") = "src", "src", "{44AE13D7-7531-4F0D-839C-5D89417BE54C}"
EndProject
Project("{9A19103F-16F7-4668-BE54-9A1E7A4F7556}") = "AuctionService", "src\AuctionService\AuctionService.csproj", "{641E76D8-DCB5-44F3-AB11-93D64975916F}"
EndProject
Project("{2150E333-8FDC-42A3-9474-1A3956D46DE8}") = "Solution Items", "Solution Items", "{8C3BDD45-D4FE-4052-9F04-F144B0C76E18}"
	ProjectSection(SolutionItems) = preProject
		.editorconfig = .editorconfig
		docker-compose.yml = docker-compose.yml
	EndProjectSection
EndProject
Project("{9A19103F-16F7-4668-BE54-9A1E7A4F7556}") = "SearchService", "src\SearchService\SearchService.csproj", "{0BC8407A-27AC-434E-AAC6-2B79FC43D653}"
EndProject
Project("{9A19103F-16F7-4668-BE54-9A1E7A4F7556}") = "Contracts", "src\contracts\Contracts.csproj", "{6289460B-5B4D-476B-8A70-7E8666F60FB1}"
EndProject
Project("{9A19103F-16F7-4668-BE54-9A1E7A4F7556}") = "IdentityService", "src\IdentityService\IdentityService.csproj", "{00DCAF00-1C2F-495E-9DE2-BDF2A8D93ECC}"
EndProject
Project("{FAE04EC0-301F-11D3-BF4B-00C04F79EFBC}") = "GatewayService", "src\GatewayService\GatewayService.csproj", "{17DAD882-315F-4157-B619-96F8D21A9654}"
EndProject
Global
	GlobalSection(SolutionConfigurationPlatforms) = preSolution
		Debug|Any CPU = Debug|Any CPU
		Release|Any CPU = Release|Any CPU
	EndGlobalSection
	GlobalSection(ProjectConfigurationPlatforms) = postSolution
		{641E76D8-DCB5-44F3-AB11-93D64975916F}.Debug|Any CPU.ActiveCfg = Debug|Any CPU
		{641E76D8-DCB5-44F3-AB11-93D64975916F}.Debug|Any CPU.Build.0 = Debug|Any CPU
		{641E76D8-DCB5-44F3-AB11-93D64975916F}.Release|Any CPU.ActiveCfg = Release|Any CPU
		{641E76D8-DCB5-44F3-AB11-93D64975916F}.Release|Any CPU.Build.0 = Release|Any CPU
		{0BC8407A-27AC-434E-AAC6-2B79FC43D653}.Debug|Any CPU.ActiveCfg = Debug|Any CPU
		{0BC8407A-27AC-434E-AAC6-2B79FC43D653}.Debug|Any CPU.Build.0 = Debug|Any CPU
		{0BC8407A-27AC-434E-AAC6-2B79FC43D653}.Release|Any CPU.ActiveCfg = Release|Any CPU
		{0BC8407A-27AC-434E-AAC6-2B79FC43D653}.Release|Any CPU.Build.0 = Release|Any CPU
		{6289460B-5B4D-476B-8A70-7E8666F60FB1}.Debug|Any CPU.ActiveCfg = Debug|Any CPU
		{6289460B-5B4D-476B-8A70-7E8666F60FB1}.Debug|Any CPU.Build.0 = Debug|Any CPU
		{6289460B-5B4D-476B-8A70-7E8666F60FB1}.Release|Any CPU.ActiveCfg = Release|Any CPU
		{6289460B-5B4D-476B-8A70-7E8666F60FB1}.Release|Any CPU.Build.0 = Release|Any CPU
		{00DCAF00-1C2F-495E-9DE2-BDF2A8D93ECC}.Debug|Any CPU.ActiveCfg = Debug|Any CPU
		{00DCAF00-1C2F-495E-9DE2-BDF2A8D93ECC}.Debug|Any CPU.Build.0 = Debug|Any CPU
		{00DCAF00-1C2F-495E-9DE2-BDF2A8D93ECC}.Release|Any CPU.ActiveCfg = Release|Any CPU
		{00DCAF00-1C2F-495E-9DE2-BDF2A8D93ECC}.Release|Any CPU.Build.0 = Release|Any CPU
		{17DAD882-315F-4157-B619-96F8D21A9654}.Debug|Any CPU.ActiveCfg = Debug|Any CPU
		{17DAD882-315F-4157-B619-96F8D21A9654}.Debug|Any CPU.Build.0 = Debug|Any CPU
		{17DAD882-315F-4157-B619-96F8D21A9654}.Release|Any CPU.ActiveCfg = Release|Any CPU
		{17DAD882-315F-4157-B619-96F8D21A9654}.Release|Any CPU.Build.0 = Release|Any CPU
	EndGlobalSection
	GlobalSection(SolutionProperties) = preSolution
		HideSolutionNode = FALSE
	EndGlobalSection
	GlobalSection(NestedProjects) = preSolution
		{641E76D8-DCB5-44F3-AB11-93D64975916F} = {44AE13D7-7531-4F0D-839C-5D89417BE54C}
		{0BC8407A-27AC-434E-AAC6-2B79FC43D653} = {44AE13D7-7531-4F0D-839C-5D89417BE54C}
		{6289460B-5B4D-476B-8A70-7E8666F60FB1} = {44AE13D7-7531-4F0D-839C-5D89417BE54C}
		{00DCAF00-1C2F-495E-9DE2-BDF2A8D93ECC} = {44AE13D7-7531-4F0D-839C-5D89417BE54C}
		{17DAD882-315F-4157-B619-96F8D21A9654} = {44AE13D7-7531-4F0D-839C-5D89417BE54C}
	EndGlobalSection
	GlobalSection(ExtensibilityGlobals) = postSolution
		SolutionGuid = {EB623EF3-EEE1-4B55-A354-05995A0D4B3C}
	EndGlobalSection
EndGlobal
